
Microsoft Visual Studio Solution File, Format Version 12.00
# Visual Studio Version 17
VisualStudioVersion = 17.0.31423.177
MinimumVisualStudioVersion = 10.0.40219.1
Project("{FAE04EC0-301F-11D3-BF4B-00C04F79EFBC}") = "DailyRate", "DailyRate\DailyRate.csproj", "{67A21A65-9A15-4175-A4BC-C4BEE3F8C248}"
EndProject
Global
	GlobalSection(SolutionConfigurationPlatforms) = preSolution
		Debug|Any CPU = Debug|Any CPU
		Release|Any CPU = Release|Any CPU
	EndGlobalSection
	GlobalSection(ProjectConfigurationPlatforms) = postSolution
		{67A21A65-9A15-4175-A4BC-C4BEE3F8C248}.Debug|Any CPU.ActiveCfg = Debug|Any CPU
		{67A21A65-9A15-4175-A4BC-C4BEE3F8C248}.Debug|Any CPU.Build.0 = Debug|Any CPU
		{67A21A65-9A15-4175-A4BC-C4BEE3F8C248}.Release|Any CPU.ActiveCfg = Release|Any CPU
		{67A21A65-9A15-4175-A4BC-C4BEE3F8C248}.Release|Any CPU.Build.0 = Release|Any CPU
	EndGlobalSection
	GlobalSection(SolutionProperties) = preSolution
		HideSolutionNode = FALSE
	EndGlobalSection
	GlobalSection(ExtensibilityGlobals) = postSolution
		SolutionGuid = {BBD9F863-BA1D-45D7-B257-1B1863C6A82A}
	EndGlobalSection
EndGlobal
