
Microsoft Visual Studio Solution File, Format Version 12.00
# Visual Studio Version 17
VisualStudioVersion = 17.9.34728.123
MinimumVisualStudioVersion = 10.0.40219.1
Project("{FAE04EC0-301F-11D3-BF4B-00C04F79EFBC}") = "UserAuthProject", "UserAuthProject.csproj", "{7A573024-9FFD-4AB9-B75B-DEFB703F4C97}"
EndProject
Global
	GlobalSection(SolutionConfigurationPlatforms) = preSolution
		Debug|Any CPU = Debug|Any CPU
		Release|Any CPU = Release|Any CPU
	EndGlobalSection
	GlobalSection(ProjectConfigurationPlatforms) = postSolution
		{7A573024-9FFD-4AB9-B75B-DEFB703F4C97}.Debug|Any CPU.ActiveCfg = Debug|Any CPU
		{7A573024-9FFD-4AB9-B75B-DEFB703F4C97}.Debug|Any CPU.Build.0 = Debug|Any CPU
		{7A573024-9FFD-4AB9-B75B-DEFB703F4C97}.Release|Any CPU.ActiveCfg = Release|Any CPU
		{7A573024-9FFD-4AB9-B75B-DEFB703F4C97}.Release|Any CPU.Build.0 = Release|Any CPU
	EndGlobalSection
	GlobalSection(SolutionProperties) = preSolution
		HideSolutionNode = FALSE
	EndGlobalSection
	GlobalSection(ExtensibilityGlobals) = postSolution
		SolutionGuid = {BAFAD203-CD70-4DFC-B4D9-A01B519CC34E}
	EndGlobalSection
EndGlobal
