
Microsoft Visual Studio Solution File, Format Version 12.00
# Visual Studio Version 17
VisualStudioVersion = 17.0.31512.422
MinimumVisualStudioVersion = 10.0.40219.1
Project("{FAE04EC0-301F-11D3-BF4B-00C04F79EFBC}") = "AutomaticProperties", "AutomaticProperties\AutomaticProperties.csproj", "{34187A9C-5791-47AF-AE78-5B76EBC96382}"
EndProject
Global
	GlobalSection(SolutionConfigurationPlatforms) = preSolution
		Debug|Any CPU = Debug|Any CPU
		Release|Any CPU = Release|Any CPU
	EndGlobalSection
	GlobalSection(ProjectConfigurationPlatforms) = postSolution
		{34187A9C-5791-47AF-AE78-5B76EBC96382}.Debug|Any CPU.ActiveCfg = Debug|Any CPU
		{34187A9C-5791-47AF-AE78-5B76EBC96382}.Debug|Any CPU.Build.0 = Debug|Any CPU
		{34187A9C-5791-47AF-AE78-5B76EBC96382}.Release|Any CPU.ActiveCfg = Release|Any CPU
		{34187A9C-5791-47AF-AE78-5B76EBC96382}.Release|Any CPU.Build.0 = Release|Any CPU
	EndGlobalSection
	GlobalSection(SolutionProperties) = preSolution
		HideSolutionNode = FALSE
	EndGlobalSection
	GlobalSection(ExtensibilityGlobals) = postSolution
		SolutionGuid = {36824F8D-25C4-4247-86C2-B0828E288B80}
	EndGlobalSection
EndGlobal
