
Microsoft Visual Studio Solution File, Format Version 12.00
# Visual Studio Version 17
VisualStudioVersion = 17.9.34616.47
MinimumVisualStudioVersion = 10.0.40219.1
Project("{9A19103F-16F7-4668-BE54-9A1E7A4F7556}") = "BinaryTree", "BinaryTree.csproj", "{216CEBF5-94DD-44DB-B1D2-F7846DA107B5}"
EndProject
Project("{FAE04EC0-301F-11D3-BF4B-00C04F79EFBC}") = "BinaryTreeTest", "..\BinaryTreeTest\BinaryTreeTest.csproj", "{AA3F2FF7-CA23-4F6D-BD77-6136F566F0B6}"
EndProject
Global
	GlobalSection(SolutionConfigurationPlatforms) = preSolution
		Debug|Any CPU = Debug|Any CPU
		Release|Any CPU = Release|Any CPU
	EndGlobalSection
	GlobalSection(ProjectConfigurationPlatforms) = postSolution
		{216CEBF5-94DD-44DB-B1D2-F7846DA107B5}.Debug|Any CPU.ActiveCfg = Debug|Any CPU
		{216CEBF5-94DD-44DB-B1D2-F7846DA107B5}.Debug|Any CPU.Build.0 = Debug|Any CPU
		{216CEBF5-94DD-44DB-B1D2-F7846DA107B5}.Release|Any CPU.ActiveCfg = Release|Any CPU
		{216CEBF5-94DD-44DB-B1D2-F7846DA107B5}.Release|Any CPU.Build.0 = Release|Any CPU
		{AA3F2FF7-CA23-4F6D-BD77-6136F566F0B6}.Debug|Any CPU.ActiveCfg = Debug|Any CPU
		{AA3F2FF7-CA23-4F6D-BD77-6136F566F0B6}.Debug|Any CPU.Build.0 = Debug|Any CPU
		{AA3F2FF7-CA23-4F6D-BD77-6136F566F0B6}.Release|Any CPU.ActiveCfg = Release|Any CPU
		{AA3F2FF7-CA23-4F6D-BD77-6136F566F0B6}.Release|Any CPU.Build.0 = Release|Any CPU
	EndGlobalSection
	GlobalSection(SolutionProperties) = preSolution
		HideSolutionNode = FALSE
	EndGlobalSection
	GlobalSection(ExtensibilityGlobals) = postSolution
		SolutionGuid = {19BFDA0B-4A8C-4630-ACAE-F148B7CC3F17}
	EndGlobalSection
EndGlobal
