
Microsoft Visual Studio Solution File, Format Version 12.00
# Visual Studio Version 17
VisualStudioVersion = 17.9.34616.47
MinimumVisualStudioVersion = 10.0.40219.1
Project("{FAE04EC0-301F-11D3-BF4B-00C04F79EFBC}") = "Exam3", "Exam3.csproj", "{4DEFC979-29FD-4176-99DB-63F2B8C9CF69}"
EndProject
Global
	GlobalSection(SolutionConfigurationPlatforms) = preSolution
		Debug|Any CPU = Debug|Any CPU
		Release|Any CPU = Release|Any CPU
	EndGlobalSection
	GlobalSection(ProjectConfigurationPlatforms) = postSolution
		{4DEFC979-29FD-4176-99DB-63F2B8C9CF69}.Debug|Any CPU.ActiveCfg = Debug|Any CPU
		{4DEFC979-29FD-4176-99DB-63F2B8C9CF69}.Debug|Any CPU.Build.0 = Debug|Any CPU
		{4DEFC979-29FD-4176-99DB-63F2B8C9CF69}.Release|Any CPU.ActiveCfg = Release|Any CPU
		{4DEFC979-29FD-4176-99DB-63F2B8C9CF69}.Release|Any CPU.Build.0 = Release|Any CPU
	EndGlobalSection
	GlobalSection(SolutionProperties) = preSolution
		HideSolutionNode = FALSE
	EndGlobalSection
	GlobalSection(ExtensibilityGlobals) = postSolution
		SolutionGuid = {1B39E449-0E6A-49C6-9F40-DECFD8F74E01}
	EndGlobalSection
EndGlobal
