
Microsoft Visual Studio Solution File, Format Version 12.00
# Visual Studio Version 17
VisualStudioVersion = 17.8.34511.84
MinimumVisualStudioVersion = 10.0.40219.1
Project("{FAE04EC0-301F-11D3-BF4B-00C04F79EFBC}") = "LearningClasses", "LearningClasses.csproj", "{061E9AE3-34E6-436C-9B4F-E71778FD9238}"
EndProject
Global
	GlobalSection(SolutionConfigurationPlatforms) = preSolution
		Debug|Any CPU = Debug|Any CPU
		Release|Any CPU = Release|Any CPU
	EndGlobalSection
	GlobalSection(ProjectConfigurationPlatforms) = postSolution
		{061E9AE3-34E6-436C-9B4F-E71778FD9238}.Debug|Any CPU.ActiveCfg = Debug|Any CPU
		{061E9AE3-34E6-436C-9B4F-E71778FD9238}.Debug|Any CPU.Build.0 = Debug|Any CPU
		{061E9AE3-34E6-436C-9B4F-E71778FD9238}.Release|Any CPU.ActiveCfg = Release|Any CPU
		{061E9AE3-34E6-436C-9B4F-E71778FD9238}.Release|Any CPU.Build.0 = Release|Any CPU
	EndGlobalSection
	GlobalSection(SolutionProperties) = preSolution
		HideSolutionNode = FALSE
	EndGlobalSection
	GlobalSection(ExtensibilityGlobals) = postSolution
		SolutionGuid = {56D69C78-2D2D-4735-B448-89D9CED11ED5}
	EndGlobalSection
EndGlobal
