
Microsoft Visual Studio Solution File, Format Version 12.00
# Visual Studio Version 17
VisualStudioVersion = 17.9.34616.47
MinimumVisualStudioVersion = 10.0.40219.1
Project("{FAE04EC0-301F-11D3-BF4B-00C04F79EFBC}") = "Project4", "Project4.csproj", "{B3183259-4C4E-4B5A-8821-F95C887225C7}"
EndProject
Global
	GlobalSection(SolutionConfigurationPlatforms) = preSolution
		Debug|Any CPU = Debug|Any CPU
		Release|Any CPU = Release|Any CPU
	EndGlobalSection
	GlobalSection(ProjectConfigurationPlatforms) = postSolution
		{B3183259-4C4E-4B5A-8821-F95C887225C7}.Debug|Any CPU.ActiveCfg = Debug|Any CPU
		{B3183259-4C4E-4B5A-8821-F95C887225C7}.Debug|Any CPU.Build.0 = Debug|Any CPU
		{B3183259-4C4E-4B5A-8821-F95C887225C7}.Release|Any CPU.ActiveCfg = Release|Any CPU
		{B3183259-4C4E-4B5A-8821-F95C887225C7}.Release|Any CPU.Build.0 = Release|Any CPU
	EndGlobalSection
	GlobalSection(SolutionProperties) = preSolution
		HideSolutionNode = FALSE
	EndGlobalSection
	GlobalSection(ExtensibilityGlobals) = postSolution
		SolutionGuid = {74468A96-AEF2-4D4E-838B-DBEF7DCBB789}
	EndGlobalSection
EndGlobal
