
Microsoft Visual Studio Solution File, Format Version 12.00
# Visual Studio Version 17
VisualStudioVersion = 17.8.34511.84
MinimumVisualStudioVersion = 10.0.40219.1
Project("{FAE04EC0-301F-11D3-BF4B-00C04F79EFBC}") = "SwitchStatements", "SwitchStatements.csproj", "{5D0ACF12-C52E-4DF1-8860-2495F5089477}"
EndProject
Global
	GlobalSection(SolutionConfigurationPlatforms) = preSolution
		Debug|Any CPU = Debug|Any CPU
		Release|Any CPU = Release|Any CPU
	EndGlobalSection
	GlobalSection(ProjectConfigurationPlatforms) = postSolution
		{5D0ACF12-C52E-4DF1-8860-2495F5089477}.Debug|Any CPU.ActiveCfg = Debug|Any CPU
		{5D0ACF12-C52E-4DF1-8860-2495F5089477}.Debug|Any CPU.Build.0 = Debug|Any CPU
		{5D0ACF12-C52E-4DF1-8860-2495F5089477}.Release|Any CPU.ActiveCfg = Release|Any CPU
		{5D0ACF12-C52E-4DF1-8860-2495F5089477}.Release|Any CPU.Build.0 = Release|Any CPU
	EndGlobalSection
	GlobalSection(SolutionProperties) = preSolution
		HideSolutionNode = FALSE
	EndGlobalSection
	GlobalSection(ExtensibilityGlobals) = postSolution
		SolutionGuid = {4C6BB420-1D39-46F9-A48B-3B50F87064EF}
	EndGlobalSection
EndGlobal
