
Microsoft Visual Studio Solution File, Format Version 12.00
# Visual Studio Version 17
VisualStudioVersion = 17.0.31423.177
MinimumVisualStudioVersion = 10.0.40219.1
Project("{FAE04EC0-301F-11D3-BF4B-00C04F79EFBC}") = "Parameters", "Parameters\Parameters.csproj", "{74DB7D24-4A86-4E7C-BFF0-E3035DAF09C7}"
EndProject
Global
	GlobalSection(SolutionConfigurationPlatforms) = preSolution
		Debug|Any CPU = Debug|Any CPU
		Release|Any CPU = Release|Any CPU
	EndGlobalSection
	GlobalSection(ProjectConfigurationPlatforms) = postSolution
		{74DB7D24-4A86-4E7C-BFF0-E3035DAF09C7}.Debug|Any CPU.ActiveCfg = Debug|Any CPU
		{74DB7D24-4A86-4E7C-BFF0-E3035DAF09C7}.Debug|Any CPU.Build.0 = Debug|Any CPU
		{74DB7D24-4A86-4E7C-BFF0-E3035DAF09C7}.Release|Any CPU.ActiveCfg = Release|Any CPU
		{74DB7D24-4A86-4E7C-BFF0-E3035DAF09C7}.Release|Any CPU.Build.0 = Release|Any CPU
	EndGlobalSection
	GlobalSection(SolutionProperties) = preSolution
		HideSolutionNode = FALSE
	EndGlobalSection
	GlobalSection(ExtensibilityGlobals) = postSolution
		SolutionGuid = {C3046D70-AEF5-47F1-9DDF-5B5B656BAE61}
	EndGlobalSection
EndGlobal
